# THIS IS AN AUTOGENERATED FILE. DO NOT EDIT THIS FILE DIRECTLY.
# yarn lockfile v1


"@hyperswarm/dht@^6.2.0":
  version "6.5.1"
  resolved "https://registry.yarnpkg.com/@hyperswarm/dht/-/dht-6.5.1.tgz#07e144590f532c2f872e3617117d17f266b2f7a4"
  integrity sha512-TTTOzuwqbmXNwl+b2FXeHCoR2QS1sqxQvqXwv2i54sdEkKmF8f8t4U8PsRGk5PUO3qA6GxlMThvXixg9Fgs4Yw==
  dependencies:
    "@hyperswarm/secret-stream" "^6.0.0"
    b4a "^1.3.1"
    bogon "^1.0.0"
    compact-encoding "^2.4.1"
    compact-encoding-net "^1.0.1"
    debugging-stream "^2.0.0"
    dht-rpc "^6.6.3"
    events "^3.3.0"
    hypercore-crypto "^3.3.0"
    noise-curve-ed "^2.0.0"
    noise-handshake "^3.0.0"
    record-cache "^1.1.1"
    safety-catch "^1.0.1"
    sodium-universal "^4.0.0"
    xache "^1.1.0"

"@hyperswarm/secret-stream@^6.0.0":
  version "6.3.1"
  resolved "https://registry.yarnpkg.com/@hyperswarm/secret-stream/-/secret-stream-6.3.1.tgz#11ad5905fe05ebe5af33f167f4e2610810c5592a"
  integrity sha512-ZFP6L3GhgI5+ryJfqkeSwu08PSsfTHx9iDsu+sbGL4TEDqRw+OWMJvr/lPUmMadTWg0x0L/jUrHnDJ3YuZxV8Q==
  dependencies:
    b4a "^1.1.0"
    hypercore-crypto "^3.3.1"
    noise-curve-ed "^2.0.1"
    noise-handshake "^3.0.2"
    sodium-secretstream "^1.1.0"
    sodium-universal "^4.0.0"
    streamx "^2.14.0"
    timeout-refresh "^2.0.0"

"@noble/ciphers@^0.5.1":
  version "0.5.1"
  resolved "https://registry.yarnpkg.com/@noble/ciphers/-/ciphers-0.5.1.tgz#292f388b69c9ed80d49dca1a5cbfd4ff06852111"
  integrity sha512-aNE06lbe36ifvMbbWvmmF/8jx6EQPu2HVg70V95T+iGjOuYwPpAccwAQc2HlXO2D0aiQ3zavbMga4jjWnrpiPA==

"@noble/curves@1.2.0":
  version "1.2.0"
  resolved "https://registry.yarnpkg.com/@noble/curves/-/curves-1.2.0.tgz#92d7e12e4e49b23105a2555c6984d41733d65c35"
  integrity sha512-oYclrNgRaM9SsBUBVbb8M6DTV7ZHRTKugureoYEncY5c65HOmRzvSiTE3y5CYaPYJA/GVkrhXEoF0M3Ya9PMnw==
  dependencies:
    "@noble/hashes" "1.3.2"

"@noble/curves@~1.1.0":
  version "1.1.0"
  resolved "https://registry.yarnpkg.com/@noble/curves/-/curves-1.1.0.tgz#f13fc667c89184bc04cccb9b11e8e7bae27d8c3d"
  integrity sha512-091oBExgENk/kGj3AZmtBDMpxQPDtxQABR2B9lb1JbVTs6ytdzZNwvhxQ4MWasRNEzlbEH8jCWFCwhF/Obj5AA==
  dependencies:
    "@noble/hashes" "1.3.1"

"@noble/hashes@1.3.1":
  version "1.3.1"
  resolved "https://registry.yarnpkg.com/@noble/hashes/-/hashes-1.3.1.tgz#8831ef002114670c603c458ab8b11328406953a9"
  integrity sha512-EbqwksQwz9xDRGfDST86whPBgM65E0OH/pCgqW0GBVzO22bNE+NuIbeTb714+IfSjU3aRk47EUvXIb5bTsenKA==

"@noble/hashes@1.3.2":
  version "1.3.2"
  resolved "https://registry.yarnpkg.com/@noble/hashes/-/hashes-1.3.2.tgz#6f26dbc8fbc7205873ce3cee2f690eba0d421b39"
  integrity sha512-MVC8EAQp7MvEcm30KWENFjgR+Mkmf+D189XJTkFIlwohU5hcBbn1ZkKq7KVTi2Hme3PMGF390DaL52beVrIihQ==

"@noble/hashes@^1.4.0":
  version "1.4.0"
  resolved "https://registry.yarnpkg.com/@noble/hashes/-/hashes-1.4.0.tgz#45814aa329f30e4fe0ba49426f49dfccdd066426"
  integrity sha512-V1JJ1WTRUqHHrOSh597hURcMqVKVGL/ea3kv0gSnEdsEZ0/+VyPghM1lMNGc00z7CIQorSvbKpuJkxvuHbvdbg==

"@noble/hashes@~1.3.0", "@noble/hashes@~1.3.1":
  version "1.3.3"
  resolved "https://registry.yarnpkg.com/@noble/hashes/-/hashes-1.3.3.tgz#39908da56a4adc270147bb07968bf3b16cfe1699"
  integrity sha512-V7/fPHgl+jsVPXqqeOzT8egNj2iBIVt+ECeMMG8TdcnTikP3oaBtUVqpT/gYCR68aEBJSF+XbYUxStjbFMqIIA==

"@scure/base@1.1.1":
  version "1.1.1"
  resolved "https://registry.yarnpkg.com/@scure/base/-/base-1.1.1.tgz#ebb651ee52ff84f420097055f4bf46cfba403938"
  integrity sha512-ZxOhsSyxYwLJj3pLZCefNitxsj093tb2vq90mp2txoYeBqbcjDjqFhyM8eUjq/uFm6zJ+mUuqxlS2FkuSY1MTA==

"@scure/base@^1.1.6", "@scure/base@~1.1.0":
  version "1.1.6"
  resolved "https://registry.yarnpkg.com/@scure/base/-/base-1.1.6.tgz#8ce5d304b436e4c84f896e0550c83e4d88cb917d"
  integrity sha512-ok9AWwhcgYuGG3Zfhyqg+zwl+Wn5uE+dwC0NV/2qQkx4dABbb/bx96vWu8NSj+BNjjSjno+JRYRjle1jV08k3g==

"@scure/bip32@1.3.1":
  version "1.3.1"
  resolved "https://registry.yarnpkg.com/@scure/bip32/-/bip32-1.3.1.tgz#7248aea723667f98160f593d621c47e208ccbb10"
  integrity sha512-osvveYtyzdEVbt3OfwwXFr4P2iVBL5u1Q3q4ONBfDY/UpOuXmOlbgwc1xECEboY8wIays8Yt6onaWMUdUbfl0A==
  dependencies:
    "@noble/curves" "~1.1.0"
    "@noble/hashes" "~1.3.1"
    "@scure/base" "~1.1.0"

"@scure/bip39@1.2.1":
  version "1.2.1"
  resolved "https://registry.yarnpkg.com/@scure/bip39/-/bip39-1.2.1.tgz#5cee8978656b272a917b7871c981e0541ad6ac2a"
  integrity sha512-Z3/Fsz1yr904dduJD0NpiyRHhRYHdcnyh73FZWiV+/qhWi83wNJ3NWolYqCEN+ZWsUz2TWwajJggcRE9r1zUYg==
  dependencies:
    "@noble/hashes" "~1.3.0"
    "@scure/base" "~1.1.0"

"@types/events@^3.0.3":
  version "3.0.3"
  resolved "https://registry.yarnpkg.com/@types/events/-/events-3.0.3.tgz#a8ef894305af28d1fc6d2dfdfc98e899591ea529"
  integrity sha512-trOc4AAUThEz9hapPtSd7wf5tiQKvTtu5b371UxXdTuqzIh0ArcRspRP0i0Viu+LXstIQ1z96t1nsPxT9ol01g==

ansi-sequence-parser@^1.1.0:
  version "1.1.1"
  resolved "https://registry.yarnpkg.com/ansi-sequence-parser/-/ansi-sequence-parser-1.1.1.tgz#e0aa1cdcbc8f8bb0b5bca625aac41f5f056973cf"
  integrity sha512-vJXt3yiaUL4UU546s3rPXlsry/RnM730G1+HkpKE012AN0sx1eOrxSu95oKDIonskeLTijMgqWZ3uDEe3NFvyg==

b4a@^1.0.1, b4a@^1.1.0, b4a@^1.1.1, b4a@^1.3.0, b4a@^1.3.1, b4a@^1.5.0, b4a@^1.5.3, b4a@^1.6.1, b4a@^1.6.4:
  version "1.6.6"
  resolved "https://registry.yarnpkg.com/b4a/-/b4a-1.6.6.tgz#a4cc349a3851987c3c4ac2d7785c18744f6da9ba"
  integrity sha512-5Tk1HLk6b6ctmjIkAcU/Ujv/1WqiDl0F0JdRCR80VsOcUlHcu7pWeWRlOqQLHfDEsVx9YH/aif5AG4ehoCtTmg==

balanced-match@^1.0.0:
  version "1.0.2"
  resolved "https://registry.yarnpkg.com/balanced-match/-/balanced-match-1.0.2.tgz#e83e3a7e3f300b34cb9d87f615fa0cbf357690ee"
  integrity sha512-3oSeUO0TMV67hN1AmbXsK4yaqU7tjiHlbxRDZOpH0KW9+CeX4bRAaX0Anxt0tx2MrpRpWwQaPwIlISEJhYU5Pw==

bare-events@^2.2.0:
  version "2.2.2"
  resolved "https://registry.yarnpkg.com/bare-events/-/bare-events-2.2.2.tgz#a98a41841f98b2efe7ecc5c5468814469b018078"
  integrity sha512-h7z00dWdG0PYOQEvChhOSWvOfkIKsdZGkWr083FgN/HyoQuebSew/cgirYqh9SCuy/hRvxc5Vy6Fw8xAmYHLkQ==

bits-to-bytes@^1.3.0:
  version "1.3.0"
  resolved "https://registry.yarnpkg.com/bits-to-bytes/-/bits-to-bytes-1.3.0.tgz#b6b0b547ff5747b0609a42e31a0b57212f09f4e7"
  integrity sha512-OJoHTpFXS9bXHBCekGTByf3MqM8CGblBDIduKQeeVVeiU9dDWywSSirXIBYGgg3d1zbVuvnMa1vD4r6PA0kOKg==
  dependencies:
    b4a "^1.5.0"

blake2b-wasm@^2.4.0:
  version "2.4.0"
  resolved "https://registry.yarnpkg.com/blake2b-wasm/-/blake2b-wasm-2.4.0.tgz#9115649111edbbd87eb24ce7c04b427e4e2be5be"
  integrity sha512-S1kwmW2ZhZFFFOghcx73+ZajEfKBqhP82JMssxtLVMxlaPea1p9uoLiUZ5WYyHn0KddwbLc+0vh4wR0KBNoT5w==
  dependencies:
    b4a "^1.0.1"
    nanoassert "^2.0.0"

blake2b@^2.1.1:
  version "2.1.4"
  resolved "https://registry.yarnpkg.com/blake2b/-/blake2b-2.1.4.tgz#817d278526ddb4cd673bfb1af16d1ad61e393ba3"
  integrity sha512-AyBuuJNI64gIvwx13qiICz6H6hpmjvYS5DGkG6jbXMOT8Z3WUJ3V1X0FlhIoT1b/5JtHE3ki+xjtMvu1nn+t9A==
  dependencies:
    blake2b-wasm "^2.4.0"
    nanoassert "^2.0.0"

blind-relay@^1.3.0:
  version "1.3.3"
  resolved "https://registry.yarnpkg.com/blind-relay/-/blind-relay-1.3.3.tgz#b9460fac1c2e8a8a326dbbb827b8c00339ed729f"
  integrity sha512-J49HZaRLA+jgmIA+J01x0NzDtNMQVzuFfz7CnLLijIUMJkxTbaexIGI/tfk6LONcr/+INmgbS8gMLeuaRvfreA==
  dependencies:
    b4a "^1.6.4"
    bare-events "^2.2.0"
    bits-to-bytes "^1.3.0"
    compact-encoding "^2.12.0"
    compact-encoding-bitfield "^1.0.0"
    hypertrace "^1.4.1"
    protomux "^3.5.1"
    sodium-universal "^4.0.0"
    streamx "^2.15.1"

blossom-client-sdk@^0.4.0:
  version "0.4.0"
  resolved "https://registry.yarnpkg.com/blossom-client-sdk/-/blossom-client-sdk-0.4.0.tgz#3b40e478dbe1a324f579e29570b46eb12968074d"
  integrity sha512-xw1lq15VCfwb8RrmKvwxV92bwD5qwou97PpZvutH+WHT87bokZrx1uCBh0Ww3x+eJqamevvW2w6QAc+BYwILCg==
  dependencies:
    cross-fetch "^4.0.0"

bogon@^1.0.0:
  version "1.1.0"
  resolved "https://registry.yarnpkg.com/bogon/-/bogon-1.1.0.tgz#14234260353d8f806c3a307202f66698f635d18b"
  integrity sha512-a6SnToksXHuUlgeMvI/txWmTcKz7c7iBa8f0HbXL4toN1Uza/CTQ4F7n9jSDX49TCpxv3KUP100q4sZfwLyLiw==
  dependencies:
    compact-encoding "^2.11.0"
    compact-encoding-net "^1.2.0"

brace-expansion@^2.0.1:
  version "2.0.1"
  resolved "https://registry.yarnpkg.com/brace-expansion/-/brace-expansion-2.0.1.tgz#1edc459e0f0c548486ecf9fc99f2221364b9a0ae"
  integrity sha512-XnAIvQ8eM+kC6aULx6wuQiwVsnzsi9d3WxzV3FpWTGA19F621kwdbsAcFKXgKUHZWsy+mY6iL1sHTxWEFCytDA==
  dependencies:
    balanced-match "^1.0.0"

chacha20-universal@^1.0.4:
  version "1.0.4"
  resolved "https://registry.yarnpkg.com/chacha20-universal/-/chacha20-universal-1.0.4.tgz#e8a33a386500b1ce5361b811ec5e81f1797883f5"
  integrity sha512-/IOxdWWNa7nRabfe7+oF+jVkGjlr2xUL4J8l/OvzZhj+c9RpMqoo3Dq+5nU1j/BflRV4BKnaQ4+4oH1yBpQG1Q==
  dependencies:
    nanoassert "^2.0.0"

compact-encoding-bitfield@^1.0.0:
  version "1.0.0"
  resolved "https://registry.yarnpkg.com/compact-encoding-bitfield/-/compact-encoding-bitfield-1.0.0.tgz#39f923263dffb68b266b6cb9dc0bae2d42cf5c4a"
  integrity sha512-3nMVKUg+PF72UHfainmCL8uKvyWfxsjqOtUY+HiMPGLPCTjnwzoKfFAMo1Ad7nwTPdjBqtGK5b3BOFTFW4EBTg==
  dependencies:
    compact-encoding "^2.4.1"

compact-encoding-net@^1.0.1, compact-encoding-net@^1.2.0:
  version "1.2.0"
  resolved "https://registry.yarnpkg.com/compact-encoding-net/-/compact-encoding-net-1.2.0.tgz#19d2efd55df10f2ee793576fc4483bf6d2218743"
  integrity sha512-LVXpNpF7PGQeHRVVLGgYWzuVoYAaDZvKUsUxRioGfkotzvOh4AzoQF1HBH3zMNaSnx7gJXuUr3hkjnijaH/Eng==
  dependencies:
    compact-encoding "^2.4.1"

compact-encoding@^2.11.0, compact-encoding@^2.12.0, compact-encoding@^2.4.1, compact-encoding@^2.5.1:
  version "2.15.0"
  resolved "https://registry.yarnpkg.com/compact-encoding/-/compact-encoding-2.15.0.tgz#cf787ac2e91712603b106227c761bc2a7dcedad0"
  integrity sha512-af/NomxL9Mo0lqCk++rxLLDZI+lJqeBrPt4dK6FbjxTCEhfC9yQAIoO6yq9ixyCirce0luQwErkwJrhem6clxA==
  dependencies:
    b4a "^1.3.0"

cross-fetch@^4.0.0:
  version "4.0.0"
  resolved "https://registry.yarnpkg.com/cross-fetch/-/cross-fetch-4.0.0.tgz#f037aef1580bb3a1a35164ea2a848ba81b445983"
  integrity sha512-e4a5N8lVvuLgAWgnCrLr2PP0YyDOTHa9H/Rj54dirp61qXnNq46m82bRhNqIA5VccJtWBvPTFRV3TtvHUKPB1g==
  dependencies:
    node-fetch "^2.6.12"

debugging-stream@^2.0.0:
  version "2.0.0"
  resolved "https://registry.yarnpkg.com/debugging-stream/-/debugging-stream-2.0.0.tgz#515cad5a35299cf4b4bc0afcbd69d52c809c84ce"
  integrity sha512-xwfl6wB/3xc553uwtGnSa94jFxnGOc02C0WU2Nmzwr80gzeqn1FX4VcbvoKIhe8L/lPq4BTQttAbrTN94uN8rA==
  dependencies:
    streamx "^2.12.4"

dht-rpc@^6.6.3, dht-rpc@^6.9.0:
  version "6.11.2"
  resolved "https://registry.yarnpkg.com/dht-rpc/-/dht-rpc-6.11.2.tgz#a089fe48f99fb5cf253afc4421c49602fb95e020"
  integrity sha512-R0LS2xwMhHZ9L9J7nWr3rqI3RhZjAh/0BDA/5b4dn3rqWEgCiBxe0WsyJaFXplkIg7+djxNma7LM0MkHuwbI1A==
  dependencies:
    b4a "^1.6.1"
    bare-events "^2.2.0"
    compact-encoding "^2.11.0"
    compact-encoding-net "^1.2.0"
    fast-fifo "^1.1.0"
    kademlia-routing-table "^1.0.1"
    nat-sampler "^1.0.1"
    sodium-universal "^4.0.0"
    streamx "^2.13.2"
    time-ordered-set "^1.0.2"
    udx-native "^1.5.3"

events@^3.3.0:
  version "3.3.0"
  resolved "https://registry.yarnpkg.com/events/-/events-3.3.0.tgz#31a95ad0a924e2d2c419a813aeb2c4e878ea7400"
  integrity sha512-mQw+2fkQbALzQ7V0MY0IqdnXNOeTtP4r0lN9z7AAawCXgqea7bDii20AYrIBrFd/Hx0M2Ocz6S111CaFkUcb0Q==

fast-fifo@^1.1.0:
  version "1.3.2"
  resolved "https://registry.yarnpkg.com/fast-fifo/-/fast-fifo-1.3.2.tgz#286e31de96eb96d38a97899815740ba2a4f3640c"
  integrity sha512-/d9sfos4yxzpwkDkuN7k2SqFKtYNmCTzgfEpz82x34IM9/zc8KGxQoXg1liNC/izpRM/MBdt44Nmx41ZWqk+FQ==

function-bind@^1.1.2:
  version "1.1.2"
  resolved "https://registry.yarnpkg.com/function-bind/-/function-bind-1.1.2.tgz#2c02d864d97f3ea6c8830c464cbd11ab6eab7a1c"
  integrity sha512-7XHNxH7qX9xG5mIwxkhumTox/MIRNcOgDrxWsMt2pAr23WHp6MrRlN7FBSFpCpr+oVO0F744iUgR82nJMfG2SA==

hasown@^2.0.0:
  version "2.0.2"
  resolved "https://registry.yarnpkg.com/hasown/-/hasown-2.0.2.tgz#003eaf91be7adc372e84ec59dc37252cedb80003"
  integrity sha512-0hJU9SCPvmMzIBdZFqNPXWa6dqh7WdH0cII9y+CyS8rG3nL48Bclra9HmKhVVUHyPWNH5Y7xDwAB7bfgSjkUMQ==
  dependencies:
    function-bind "^1.1.2"

hypercore-crypto@^3.3.0, hypercore-crypto@^3.3.1:
  version "3.4.0"
  resolved "https://registry.yarnpkg.com/hypercore-crypto/-/hypercore-crypto-3.4.0.tgz#aff1893efc7b7ec5d1dfdc4270033fd94e18b96d"
  integrity sha512-0cZA1B58p1J84TDbTh8DMMIj7Qr7Rzz8NyGIo+ykUhdwD21gtjiiLWoME92QvN+lgbfu0Zfr9vwxT8sRmyg+AA==
  dependencies:
    b4a "^1.1.0"
    compact-encoding "^2.5.1"
    sodium-universal "^4.0.0"

hypercore-id-encoding@^1.2.0:
  version "1.2.0"
  resolved "https://registry.yarnpkg.com/hypercore-id-encoding/-/hypercore-id-encoding-1.2.0.tgz#b801540fbd2575977e2f92e60421e51ded1b45dc"
  integrity sha512-WqPBJ/HZ/sifoo9jYw/ZUr1Z1l4kll8hQwVdDhVqsDyYPj0c/Tl0ALLXbDxb9vcpKBV+WLgLqf8kVB0GcZU0Mg==
  dependencies:
    b4a "^1.5.3"
    z32 "^1.0.0"

hyperdht@^6.13.1, hyperdht@^6.5.2:
  version "6.13.1"
  resolved "https://registry.yarnpkg.com/hyperdht/-/hyperdht-6.13.1.tgz#37bbd47139658a71aeb0caadf2d49cd977c1a9dd"
  integrity sha512-DMpY8koBw0c/IfmtLTKhpgSUC3CXce2+nODfnQa5TEzcviqHfMt4X5XbcrlhjUtYM9v4+mcCYyzvRBStNhiUYA==
  dependencies:
    "@hyperswarm/secret-stream" "^6.0.0"
    b4a "^1.3.1"
    bare-events "^2.2.0"
    blind-relay "^1.3.0"
    bogon "^1.0.0"
    compact-encoding "^2.4.1"
    compact-encoding-net "^1.0.1"
    debugging-stream "^2.0.0"
    dht-rpc "^6.9.0"
    hypercore-crypto "^3.3.0"
    hypercore-id-encoding "^1.2.0"
    hypertrace "^1.3.0"
    noise-curve-ed "^2.0.0"
    noise-handshake "^3.0.0"
    record-cache "^1.1.1"
    safety-catch "^1.0.1"
    signal-promise "^1.0.3"
    sodium-universal "^4.0.0"
    streamx "^2.16.1"
    xache "^1.1.0"

hypertrace@^1.3.0, hypertrace@^1.4.1:
  version "1.4.2"
  resolved "https://registry.yarnpkg.com/hypertrace/-/hypertrace-1.4.2.tgz#70933403bab99b1711e3e1512d574cc70f9531e8"
  integrity sha512-sa6iq1FaJ03Db3eUl5ZodyOL3fheyrum9xzeHasXOQ/AprTT6vS1WjpbXfYkHhmzVmyn0jBW/VsCb1QaBkGyow==

is-core-module@^2.13.0:
  version "2.13.1"
  resolved "https://registry.yarnpkg.com/is-core-module/-/is-core-module-2.13.1.tgz#ad0d7532c6fea9da1ebdc82742d74525c6273384"
  integrity sha512-hHrIjvZsftOsvKSn2TRYl63zvxsgE0K+0mYMoH6gD4omR5IWB2KynivBQczo3+wF1cCkjzvptnI9Q0sPU66ilw==
  dependencies:
    hasown "^2.0.0"

jsonc-parser@^3.2.0:
  version "3.2.1"
  resolved "https://registry.yarnpkg.com/jsonc-parser/-/jsonc-parser-3.2.1.tgz#031904571ccf929d7670ee8c547545081cb37f1a"
  integrity sha512-AilxAyFOAcK5wA1+LeaySVBrHsGQvUFCDWXKpZjzaL0PqW+xfBOttn8GNtWKFWqneyMZj41MWF9Kl6iPWLwgOA==

kademlia-routing-table@^1.0.1:
  version "1.0.3"
  resolved "https://registry.yarnpkg.com/kademlia-routing-table/-/kademlia-routing-table-1.0.3.tgz#03a9a165411114268e632f845df0202a8c90c099"
  integrity sha512-ag1nLPaCSxbLnG6zeTBoGkdm+JSUi2JHMiNynHBoRG8se2w9yfyzepF3oX1B52HOEldtbuxTde5NxbNUtnwGqA==
  dependencies:
    bare-events "^2.2.0"

lunr@^2.3.9:
  version "2.3.9"
  resolved "https://registry.yarnpkg.com/lunr/-/lunr-2.3.9.tgz#18b123142832337dd6e964df1a5a7707b25d35e1"
  integrity sha512-zTU3DaZaF3Rt9rhN3uBMGQD3dD2/vFQqnvZCDv4dl5iOzq2IZQqTxu90r4E5J+nP70J3ilqVCrbho2eWaeW8Ow==

marked@^4.3.0:
  version "4.3.0"
  resolved "https://registry.yarnpkg.com/marked/-/marked-4.3.0.tgz#796362821b019f734054582038b116481b456cf3"
  integrity sha512-PRsaiG84bK+AMvxziE/lCFss8juXjNaWzVbN5tXAm4XjeaS9NAHhop+PjQxz2A9h8Q4M/xGmzP8vqNwy6JeK0A==

mime@^4.0.1:
  version "4.0.1"
  resolved "https://registry.yarnpkg.com/mime/-/mime-4.0.1.tgz#ad7563d1bfe30253ad97dedfae2b1009d01b9470"
  integrity sha512-5lZ5tyrIfliMXzFtkYyekWbtRXObT9OWa8IwQ5uxTBDHucNNwniRqo0yInflj+iYi5CBa6qxadGzGarDfuEOxA==

minimatch@^9.0.3:
  version "9.0.4"
  resolved "https://registry.yarnpkg.com/minimatch/-/minimatch-9.0.4.tgz#8e49c731d1749cbec05050ee5145147b32496a51"
  integrity sha512-KqWh+VchfxcMNRAJjj2tnsSJdNbHsVgnkBhTNrW7AjVo6OvLtxw8zfT9oLw1JSohlFzJ8jCoTgaoXvJ+kHt6fw==
  dependencies:
    brace-expansion "^2.0.1"

nanoassert@^2.0.0:
  version "2.0.0"
  resolved "https://registry.yarnpkg.com/nanoassert/-/nanoassert-2.0.0.tgz#a05f86de6c7a51618038a620f88878ed1e490c09"
  integrity sha512-7vO7n28+aYO4J+8w96AzhmU8G+Y/xpPDJz/se19ICsqj/momRbb9mh9ZUtkoJ5X3nTnPdhEJyc0qnM6yAsHBaA==

nanoid@^5.0.6:
  version "5.0.6"
  resolved "https://registry.yarnpkg.com/nanoid/-/nanoid-5.0.6.tgz#7f99a033aa843e4dcf9778bdaec5eb02f4dc44d5"
  integrity sha512-rRq0eMHoGZxlvaFOUdK1Ev83Bd1IgzzR+WJ3IbDJ7QOSdAxYjlurSPqFs9s4lJg29RT6nPwizFtJhQS6V5xgiA==

napi-macros@^2.0.0:
  version "2.2.2"
  resolved "https://registry.yarnpkg.com/napi-macros/-/napi-macros-2.2.2.tgz#817fef20c3e0e40a963fbf7b37d1600bd0201044"
  integrity sha512-hmEVtAGYzVQpCKdbQea4skABsdXW4RUh5t5mJ2zzqowJS2OyXZTU1KhDVFhx+NlWZ4ap9mqR9TcDO3LTTttd+g==

nat-sampler@^1.0.1:
  version "1.0.1"
  resolved "https://registry.yarnpkg.com/nat-sampler/-/nat-sampler-1.0.1.tgz#2b68338ea6d4c139450cd971fd00a4ac1b33d923"
  integrity sha512-yQvyNN7xbqR8crTKk3U8gRgpcV1Az+vfCEijiHu9oHHsnIl8n3x+yXNHl42M6L3czGynAVoOT9TqBfS87gDdcw==

node-fetch@^2.6.12:
  version "2.7.0"
  resolved "https://registry.yarnpkg.com/node-fetch/-/node-fetch-2.7.0.tgz#d0f0fa6e3e2dc1d27efcd8ad99d550bda94d187d"
  integrity sha512-c4FRfUm/dbcWZ7U+1Wq0AwCyFL+3nt2bEw05wfxSz+DWpWsitgmSgYmy2dQdWyKC1694ELPqMs/YzUSNozLt8A==
  dependencies:
    whatwg-url "^5.0.0"

node-gyp-build@^4.3.0, node-gyp-build@^4.4.0, node-gyp-build@^4.8.0:
  version "4.8.0"
  resolved "https://registry.yarnpkg.com/node-gyp-build/-/node-gyp-build-4.8.0.tgz#3fee9c1731df4581a3f9ead74664369ff00d26dd"
  integrity sha512-u6fs2AEUljNho3EYTJNBfImO5QTo/J/1Etd+NVdCj7qWKUSN/bSLkZwhDv7I+w/MSC6qJ4cknepkAYykDdK8og==

noise-curve-ed@^2.0.0, noise-curve-ed@^2.0.1:
  version "2.0.1"
  resolved "https://registry.yarnpkg.com/noise-curve-ed/-/noise-curve-ed-2.0.1.tgz#c07adb2dde8dfaffb90aa95be9a522f5ed661e6d"
  integrity sha512-8HMZ40Wmarg8RQjVemLrjB49JSL6eGeOD+tlzaQW5/p+hNPfHFEMC3UZZ57zUqUprMuz6GN+gsPExpz2DWL+iA==
  dependencies:
    b4a "^1.1.0"
    nanoassert "^2.0.0"
    sodium-universal "^4.0.0"

noise-handshake@^3.0.0, noise-handshake@^3.0.2:
  version "3.1.0"
  resolved "https://registry.yarnpkg.com/noise-handshake/-/noise-handshake-3.1.0.tgz#8be14b58f4a956c2a6ab41ff8691c6242a4f5b82"
  integrity sha512-0S1qkUvMbTvZCfgr/vSkVT84YyvI4Q0OLwSc5BFxVmjaePrxAwVeXeJDY3A7N/7+qj95gZ15LaNoP9ZnBXH5Lw==
  dependencies:
    b4a "^1.1.0"
    nanoassert "^2.0.0"
    sodium-universal "^4.0.0"

nostr-tools@^2.3.2:
  version "2.3.2"
  resolved "https://registry.yarnpkg.com/nostr-tools/-/nostr-tools-2.3.2.tgz#74e92898b000413661b091c5829f762cb4420e66"
  integrity sha512-8ceZ2ItkAGjR5b9+QOkkV9KWBOK0WPlpFrPPXmbWnNMcnlj9zB7rjdYPK2sV/OK4Ty9J3xL6+bvYKY77gup5EQ==
  dependencies:
    "@noble/ciphers" "^0.5.1"
    "@noble/curves" "1.2.0"
    "@noble/hashes" "1.3.1"
    "@scure/base" "1.1.1"
    "@scure/bip32" "1.3.1"
    "@scure/bip39" "1.2.1"
  optionalDependencies:
    nostr-wasm v0.1.0

nostr-wasm@v0.1.0:
  version "0.1.0"
  resolved "https://registry.yarnpkg.com/nostr-wasm/-/nostr-wasm-0.1.0.tgz#17af486745feb2b7dd29503fdd81613a24058d94"
  integrity sha512-78BTryCLcLYv96ONU8Ws3Q1JzjlAt+43pWQhIl86xZmWeegYCNLPml7yQ+gG3vR6V5h4XGj+TxO+SS5dsThQIA==

path-parse@^1.0.7:
  version "1.0.7"
  resolved "https://registry.yarnpkg.com/path-parse/-/path-parse-1.0.7.tgz#fbc114b60ca42b30d9daf5858e4bd68bbedb6735"
  integrity sha512-LDJzPVEEEPR+y48z93A0Ed0yXb8pAByGWo/k5YYdYgpY2/2EsOsksJrq7lOHxryrVOn1ejG6oAp8ahvOIQD8sw==

prettier@^3.2.5:
  version "3.2.5"
  resolved "https://registry.yarnpkg.com/prettier/-/prettier-3.2.5.tgz#e52bc3090586e824964a8813b09aba6233b28368"
  integrity sha512-3/GWa9aOC0YeD7LUfvOG2NiDyhOWRvt1k+rcKhOuYnMY24iiCphgneUfJDyFXd6rZCAnuLBv6UeAULtrhT/F4A==

protomux@^3.5.1:
  version "3.5.1"
  resolved "https://registry.yarnpkg.com/protomux/-/protomux-3.5.1.tgz#3cf1f140e5813c10abc106462209fd432c3d029d"
  integrity sha512-+ioDo9Cu5rTNQH9Or2UkXJRFPAZMzqr4gZFuyib8tTmy8YyZDCL2poP8dhc5JgJydTrj94jn1Dsp/C0ESpEtjQ==
  dependencies:
    b4a "^1.3.1"
    compact-encoding "^2.5.1"
    queue-tick "^1.0.0"
    safety-catch "^1.0.1"

queue-tick@^1.0.0, queue-tick@^1.0.1:
  version "1.0.1"
  resolved "https://registry.yarnpkg.com/queue-tick/-/queue-tick-1.0.1.tgz#f6f07ac82c1fd60f82e098b417a80e52f1f4c142"
  integrity sha512-kJt5qhMxoszgU/62PLP1CJytzd2NKetjSRnyuj31fDd3Rlcz3fzlFdFLD1SItunPwyqEOkca6GbV612BWfaBag==

record-cache@^1.1.1:
  version "1.2.0"
  resolved "https://registry.yarnpkg.com/record-cache/-/record-cache-1.2.0.tgz#e601bc4f164d58330cc00055e27aa4682291c882"
  integrity sha512-kyy3HWCez2WrotaL3O4fTn0rsIdfRKOdQQcEJ9KpvmKmbffKVvwsloX063EgRUlpJIXHiDQFhJcTbZequ2uTZw==
  dependencies:
    b4a "^1.3.1"

resolve@^1.17.0:
  version "1.22.8"
  resolved "https://registry.yarnpkg.com/resolve/-/resolve-1.22.8.tgz#b6c87a9f2aa06dfab52e3d70ac8cde321fa5a48d"
  integrity sha512-oKWePCxqpd6FlLvGV1VU0x7bkPmmCNolxzjMf4NczoDnQcIWrAF+cPtZn5i6n+RfD2d9i0tzpKnG6Yk168yIyw==
  dependencies:
    is-core-module "^2.13.0"
    path-parse "^1.0.7"
    supports-preserve-symlinks-flag "^1.0.0"

safety-catch@^1.0.1:
  version "1.0.2"
  resolved "https://registry.yarnpkg.com/safety-catch/-/safety-catch-1.0.2.tgz#d64cbd57fd601da91c356b6ab8902f3e449a7a4b"
  integrity sha512-C1UYVZ4dtbBxEtvOcpjBaaD27nP8MlvyAQEp2fOTOEe6pfUpk1cDUxij6BR1jZup6rSyUTaBBplK7LanskrULA==

sha256-universal@^1.1.0:
  version "1.2.1"
  resolved "https://registry.yarnpkg.com/sha256-universal/-/sha256-universal-1.2.1.tgz#051d92decce280cd6137d42d496eac88da942c0e"
  integrity sha512-ghn3muhdn1ailCQqqceNxRgkOeZSVfSE13RQWEg6njB+itsFzGVSJv+O//2hvNXZuxVIRyNzrgsZ37SPDdGJJw==
  dependencies:
    b4a "^1.0.1"
    sha256-wasm "^2.2.1"

sha256-wasm@^2.2.1:
  version "2.2.2"
  resolved "https://registry.yarnpkg.com/sha256-wasm/-/sha256-wasm-2.2.2.tgz#4940b6c9ba28f3f08b700efce587ef36d4d516d4"
  integrity sha512-qKSGARvao+JQlFiA+sjJZhJ/61gmW/3aNLblB2rsgIxDlDxsJPHo8a1seXj12oKtuHVgJSJJ7QEGBUYQN741lQ==
  dependencies:
    b4a "^1.0.1"
    nanoassert "^2.0.0"

sha512-universal@^1.1.0:
  version "1.2.1"
  resolved "https://registry.yarnpkg.com/sha512-universal/-/sha512-universal-1.2.1.tgz#829505a7586530515cc1a10b78815c99722c4df0"
  integrity sha512-kehYuigMoRkIngCv7rhgruLJNNHDnitGTBdkcYbCbooL8Cidj/bS78MDxByIjcc69M915WxcQTgZetZ1JbeQTQ==
  dependencies:
    b4a "^1.0.1"
    sha512-wasm "^2.3.1"

sha512-wasm@^2.3.1:
  version "2.3.4"
  resolved "https://registry.yarnpkg.com/sha512-wasm/-/sha512-wasm-2.3.4.tgz#b86b37112ff6d1fc3740f2484a6855f17a6e1300"
  integrity sha512-akWoxJPGCB3aZCrZ+fm6VIFhJ/p8idBv7AWGFng/CZIrQo51oQNsvDbTSRXWAzIiZJvpy16oIDiCCPqTe21sKg==
  dependencies:
    b4a "^1.0.1"
    nanoassert "^2.0.0"

shiki@^0.14.7:
  version "0.14.7"
  resolved "https://registry.yarnpkg.com/shiki/-/shiki-0.14.7.tgz#c3c9e1853e9737845f1d2ef81b31bcfb07056d4e"
  integrity sha512-dNPAPrxSc87ua2sKJ3H5dQ/6ZaY8RNnaAqK+t0eG7p0Soi2ydiqbGOTaZCqaYvA/uZYfS1LJnemt3Q+mSfcPCg==
  dependencies:
    ansi-sequence-parser "^1.1.0"
    jsonc-parser "^3.2.0"
    vscode-oniguruma "^1.7.0"
    vscode-textmate "^8.0.0"

signal-promise@^1.0.3:
  version "1.0.3"
  resolved "https://registry.yarnpkg.com/signal-promise/-/signal-promise-1.0.3.tgz#3a6ae4591b7e5b926c06a85a92ceedacbbee858f"
  integrity sha512-WBgv0UnIq2C+Aeh0/n+IRpP6967eIx9WpynTUoiW3isPpfe1zu2LJzyfXdo9Tgef8yR/sGjcMvoUXD7EYdiz+g==

simple-hyperproxy@^0.0.7:
  version "0.0.7"
  resolved "https://registry.yarnpkg.com/simple-hyperproxy/-/simple-hyperproxy-0.0.7.tgz#83ba8db577ecde386495b77c42ef1014dbf2f090"
  integrity sha512-r+AXaDgf6kMrcmM75w7ng65//PNwHMlKu8kvnvLgww4t7w+Le0QpQ4ot1egZPzIawVzMJSd37HId3dALOkAwRw==
  dependencies:
    "@hyperswarm/dht" "^6.2.0"
    b4a "^1.5.3"
    hyperdht "^6.5.2"
    sodium-universal "^3.1.0"
    streamx "^2.12.4"

siphash24@^1.0.1:
  version "1.3.1"
  resolved "https://registry.yarnpkg.com/siphash24/-/siphash24-1.3.1.tgz#7f87fd2c5db88d8d46335a68f780f281641c8b22"
  integrity sha512-moemC3ZKiTzH29nbFo3Iw8fbemWWod4vNs/WgKbQ54oEs6mE6XVlguxvinYjB+UmaE0PThgyED9fUkWvirT8hA==
  dependencies:
    nanoassert "^2.0.0"

sodium-javascript@~0.8.0:
  version "0.8.0"
  resolved "https://registry.yarnpkg.com/sodium-javascript/-/sodium-javascript-0.8.0.tgz#0a94d7bb58ab17be82255f3949259af59778fdbc"
  integrity sha512-rEBzR5mPxPES+UjyMDvKPIXy9ImF17KOJ32nJNi9uIquWpS/nfj+h6m05J5yLJaGXjgM72LmQoUbWZVxh/rmGg==
  dependencies:
    blake2b "^2.1.1"
    chacha20-universal "^1.0.4"
    nanoassert "^2.0.0"
    sha256-universal "^1.1.0"
    sha512-universal "^1.1.0"
    siphash24 "^1.0.1"
    xsalsa20 "^1.0.0"

sodium-native@^3.2.0:
  version "3.4.1"
  resolved "https://registry.yarnpkg.com/sodium-native/-/sodium-native-3.4.1.tgz#44616c07ccecea15195f553af88b3e574b659741"
  integrity sha512-PaNN/roiFWzVVTL6OqjzYct38NSXewdl2wz8SRB51Br/MLIJPrbM3XexhVWkq7D3UWMysfrhKVf1v1phZq6MeQ==
  dependencies:
    node-gyp-build "^4.3.0"

sodium-native@^4.0.0:
  version "4.1.1"
  resolved "https://registry.yarnpkg.com/sodium-native/-/sodium-native-4.1.1.tgz#109bc924dd55c13db87c6dd30da047487595723c"
  integrity sha512-LXkAfRd4FHtkQS4X6g+nRcVaN7mWVNepV06phIsC6+IZFvGh1voW5TNQiQp2twVaMf05gZqQjuS+uWLM6gHhNQ==
  dependencies:
    node-gyp-build "^4.8.0"

sodium-secretstream@^1.1.0:
  version "1.1.0"
  resolved "https://registry.yarnpkg.com/sodium-secretstream/-/sodium-secretstream-1.1.0.tgz#25fec816cd9ae5e2d38d7511b88560debe39179a"
  integrity sha512-Qg7D2xomELDjDCWAmE4izk1aecG/il8pQIGmSWFaKgah/V58BVWG/PuSZF6vseTpcqnetIFGaOWzmPNzyTD50A==
  dependencies:
    b4a "^1.1.1"
    sodium-universal "^4.0.0"

sodium-universal@^3.1.0:
  version "3.1.0"
  resolved "https://registry.yarnpkg.com/sodium-universal/-/sodium-universal-3.1.0.tgz#f2fa0384d16b7cb99b1c8551a39cc05391a3ed41"
  integrity sha512-N2gxk68Kg2qZLSJ4h0NffEhp4BjgWHCHXVlDi1aG1hA3y+ZeWEmHqnpml8Hy47QzfL1xLy5nwr9LcsWAg2Ep0A==
  dependencies:
    blake2b "^2.1.1"
    chacha20-universal "^1.0.4"
    nanoassert "^2.0.0"
    resolve "^1.17.0"
    sha256-universal "^1.1.0"
    sha512-universal "^1.1.0"
    siphash24 "^1.0.1"
    sodium-javascript "~0.8.0"
    sodium-native "^3.2.0"
    xsalsa20 "^1.0.0"

sodium-universal@^4.0.0:
  version "4.0.1"
  resolved "https://registry.yarnpkg.com/sodium-universal/-/sodium-universal-4.0.1.tgz#75146f3b6fb6ab0dcc9278ad468ef5f23a0351e4"
  integrity sha512-sNp13PrxYLaUFHTGoDKkSDFvoEu51bfzE12RwGlqU1fcrkpAOK0NvizaJzOWV0Omtk9me2+Pnbjcf/l0efxuGQ==
  dependencies:
    sodium-native "^4.0.0"

streamx@^2.12.4, streamx@^2.13.2, streamx@^2.14.0, streamx@^2.15.1, streamx@^2.16.1:
  version "2.16.1"
  resolved "https://registry.yarnpkg.com/streamx/-/streamx-2.16.1.tgz#2b311bd34832f08aa6bb4d6a80297c9caef89614"
  integrity sha512-m9QYj6WygWyWa3H1YY69amr4nVgy61xfjys7xO7kviL5rfIEc2naf+ewFiOA+aEJD7y0JO3h2GoiUv4TDwEGzQ==
  dependencies:
    fast-fifo "^1.1.0"
    queue-tick "^1.0.1"
  optionalDependencies:
    bare-events "^2.2.0"

supports-preserve-symlinks-flag@^1.0.0:
  version "1.0.0"
  resolved "https://registry.yarnpkg.com/supports-preserve-symlinks-flag/-/supports-preserve-symlinks-flag-1.0.0.tgz#6eda4bd344a3c94aea376d4cc31bc77311039e09"
  integrity sha512-ot0WnXS9fgdkgIcePe6RHNk1WA8+muPa6cSjeR3V8K27q9BB1rTE3R1p7Hv0z1ZyAc8s6Vvv8DIyWf681MAt0w==

time-ordered-set@^1.0.2:
  version "1.0.2"
  resolved "https://registry.yarnpkg.com/time-ordered-set/-/time-ordered-set-1.0.2.tgz#3bd931fc048234147f8c2b8b1ebbebb0a3ecb96f"
  integrity sha512-vGO99JkxvgX+u+LtOKQEpYf31Kj3i/GNwVstfnh4dyINakMgeZCpew1e3Aj+06hEslhtHEd52g7m5IV+o1K8Mw==

timeout-refresh@^2.0.0:
  version "2.0.1"
  resolved "https://registry.yarnpkg.com/timeout-refresh/-/timeout-refresh-2.0.1.tgz#f8ec7cf1f9d93b2635b7d4388cb820c5f6c16f98"
  integrity sha512-SVqEcMZBsZF9mA78rjzCrYrUs37LMJk3ShZ851ygZYW1cMeIjs9mL57KO6Iv5mmjSQnOe/29/VAfGXo+oRCiVw==

tr46@~0.0.3:
  version "0.0.3"
  resolved "https://registry.yarnpkg.com/tr46/-/tr46-0.0.3.tgz#8184fd347dac9cdc185992f3a6622e14b9d9ab6a"
  integrity sha512-N3WMsuqV66lT30CrXNbEjx4GEwlow3v6rr4mCcv6prnfwhS01rkgyFdjPNBYd9br7LpXV1+Emh01fHnq2Gdgrw==

typedoc@^0.25.12:
  version "0.25.12"
  resolved "https://registry.yarnpkg.com/typedoc/-/typedoc-0.25.12.tgz#f73f0a8d3731d418cc604d4230f95a857799e27a"
  integrity sha512-F+qhkK2VoTweDXd1c42GS/By2DvI2uDF4/EpG424dTexSHdtCH52C6IcAvMA6jR3DzAWZjHpUOW+E02kyPNUNw==
  dependencies:
    lunr "^2.3.9"
    marked "^4.3.0"
    minimatch "^9.0.3"
    shiki "^0.14.7"

typescript@^5.3.3:
  version "5.4.2"
  resolved "https://registry.yarnpkg.com/typescript/-/typescript-5.4.2.tgz#0ae9cebcfae970718474fe0da2c090cad6577372"
  integrity sha512-+2/g0Fds1ERlP6JsakQQDXjZdZMM+rqpamFZJEKh4kwTIn3iDkgKtby0CeNd5ATNZ4Ry1ax15TMx0W2V+miizQ==

udx-native@^1.5.3:
  version "1.8.8"
  resolved "https://registry.yarnpkg.com/udx-native/-/udx-native-1.8.8.tgz#6cb945e2d1dd6b12a66e01822c2bf880d2ace7b3"
  integrity sha512-oRbxgkZ1JEfdIc9cy+b1gd1bFE4eEZuwW/9mpNjQ7Ieed7OYdOqZDjuAUdMGJjcBFBqJkCBl2KScc90LbGSg2g==
  dependencies:
    b4a "^1.5.0"
    bare-events "^2.2.0"
    napi-macros "^2.0.0"
    node-gyp-build "^4.4.0"
    streamx "^2.14.0"

vscode-oniguruma@^1.7.0:
  version "1.7.0"
  resolved "https://registry.yarnpkg.com/vscode-oniguruma/-/vscode-oniguruma-1.7.0.tgz#439bfad8fe71abd7798338d1cd3dc53a8beea94b"
  integrity sha512-L9WMGRfrjOhgHSdOYgCt/yRMsXzLDJSL7BPrOZt73gU0iWO4mpqzqQzOz5srxqTvMBaR0XZTSrVWo4j55Rc6cA==

vscode-textmate@^8.0.0:
  version "8.0.0"
  resolved "https://registry.yarnpkg.com/vscode-textmate/-/vscode-textmate-8.0.0.tgz#2c7a3b1163ef0441097e0b5d6389cd5504b59e5d"
  integrity sha512-AFbieoL7a5LMqcnOF04ji+rpXadgOXnZsxQr//r83kLPr7biP7am3g9zbaZIaBGwBRWeSvoMD4mgPdX3e4NWBg==

webidl-conversions@^3.0.0:
  version "3.0.1"
  resolved "https://registry.yarnpkg.com/webidl-conversions/-/webidl-conversions-3.0.1.tgz#24534275e2a7bc6be7bc86611cc16ae0a5654871"
  integrity sha512-2JAn3z8AR6rjK8Sm8orRC0h/bcl/DqL7tRPdGZ4I1CjdF+EaMLmYxBHyXuKL849eucPFhvBoxMsflfOb8kxaeQ==

whatwg-url@^5.0.0:
  version "5.0.0"
  resolved "https://registry.yarnpkg.com/whatwg-url/-/whatwg-url-5.0.0.tgz#966454e8765462e37644d3626f6742ce8b70965d"
  integrity sha512-saE57nupxk6v3HY35+jzBwYa0rKSy0XR8JSxZPwgLr7ys0IBzhGviA1/TUGJLmSVqs8pb9AnvICXEuOHLprYTw==
  dependencies:
    tr46 "~0.0.3"
    webidl-conversions "^3.0.0"

xache@^1.1.0:
  version "1.2.1"
  resolved "https://registry.yarnpkg.com/xache/-/xache-1.2.1.tgz#0c2041ba13d8c60d2e10214a0ce99894315f9349"
  integrity sha512-igRS6jPreJ54ABdzhh4mCDXcz+XMaWO2q1ABRV2yWYuk29jlp8VT7UBdCqNkX7rpYBbXsebVVKkwIuYZjyZNqA==

xsalsa20@^1.0.0:
  version "1.2.0"
  resolved "https://registry.yarnpkg.com/xsalsa20/-/xsalsa20-1.2.0.tgz#e5a05cb26f8cef723f94a559102ed50c1b44c25c"
  integrity sha512-FIr/DEeoHfj7ftfylnoFt3rAIRoWXpx2AoDfrT2qD2wtp7Dp+COajvs/Icb7uHqRW9m60f5iXZwdsJJO3kvb7w==

z32@^1.0.0:
  version "1.1.0"
  resolved "https://registry.yarnpkg.com/z32/-/z32-1.1.0.tgz#f308de8e0cb877671368de47b9cb4c9d5a6f507e"
  integrity sha512-1WUHy+VS6d0HPNspDxvLssBbeQjXMjSnpv0vH82vRAUfg847NmX3OXozp/hRP5jPhxBbrVzrgvAt+UsGNzRFQQ==
  dependencies:
    b4a "^1.5.3"
